lockfileVersion: '9.0'

settings:
  autoInstallPeers: true
  excludeLinksFromLockfile: false

importers:

  .:
    dependencies:
      '@stardustlc/dsh-docker':
        specifier: 0.3.3
        version: 0.3.3
      '@stardustlc/dsh-dream':
        specifier: 0.3.3
        version: 0.3.3
      dsh-calendar:
        specifier: 0.7.0
        version: 0.7.0
      dsh-cite:
        specifier: 0.3.3
        version: 0.3.3
      dsh-code-security:
        specifier: 0.3.3
        version: 0.3.3
      dsh-codex-port:
        specifier: 0.2.2
        version: 0.2.2
      dsh-dingtalk:
        specifier: 0.2.1
        version: 0.2.1
      dsh-email:
        specifier: 0.13.1
        version: 0.13.1
      dsh-ffmpeg:
        specifier: 0.4.3
        version: 0.4.3
      dsh-flakefinder:
        specifier: 0.3.3
        version: 0.3.3
      dsh-hyperframes:
        specifier: 0.3.2
        version: 0.3.2
      dsh-minimal-ptc:
        specifier: 0.4.7
        version: 0.4.7
      dsh-ppt:
        specifier: 0.4.3
        version: 0.4.3
      dsh-remotion:
        specifier: 0.3.2
        version: 0.3.2
      dsh-rss:
        specifier: 0.3.2
        version: 0.3.2
      dsh-slack:
        specifier: 0.3.1
        version: 0.3.1(undici@8.10.2)
      dsh-sql:
        specifier: 0.4.3
        version: 0.4.3(@types/node@26.5.1)
      dsh-voice:
        specifier: 0.3.4
        version: 0.3.4
    devDependencies:
      js-yaml:
        specifier: ^4.1.0
        version: 4.3.1

packages:

  '@nodable/entities@3.0.0':
    resolution: {integrity: sha512-8L9xFeTYKhm49xfIypoe2W5wV1m/3Z58kT+7kR9A8OyFxcPduI4VmxaUMQyKYrRjUoLLSXv6EKKID5Tvj9cUVw==}

  '@pinojs/redact@0.4.0':
    resolution: {integrity: sha512-k2ENnmBugE/rzQfEcdWHcCY+/FM3VLzH9cYEsbdsoqrvzAKRhUZeRNhAZvB8OitQJ1TBed3yqWtdjzS6wJKBwg==}

  '@selderee/plugin-htmlparser2@0.12.0':
    resolution: {integrity: sha512-oELmoyA6ML9jDRMV3kgcMQFKxUfBU0yFVn6yTctVaLT5ygXnxH52I3TZEgV9EhXJC68/uFvE5Daj1/25c0Xa/A==}
    peerDependencies:
      selderee: ~0.12.0

  '@slack/logger@5.0.0':
    resolution: {integrity: sha512-VGXhmmgsAo9shdQYh4tFDndd+7nsgp0Y5h0UPDaUp8K359pBasI6YdkMqFW3mCOxLQkq09qj7o7cq6f3DuXcJQ==}
    engines: {node: '>= 20', npm: '>=9.6.4'}

  '@slack/socket-mode@3.0.1':
    resolution: {integrity: sha512-7L4adgnJtQvQgo5cfIwqHG1QuR8mdZQ/WdMScNDp6uK644ZqnHDAa4rR+vZYfZFdJ5+obCqZQ66Dad8kcwJ4Jg==}
    engines: {node: '>=20', npm: '>=9.6.4'}
    peerDependencies:
      undici: ^7.0.0

  '@slack/types@3.1.0':
    resolution: {integrity: sha512-bTzqrO3lxJ5iWedo1eJKNAs1koyEhaTwKLJUkD3KETnPeQvD978AAE4jvWstUws8Gbbc4JR6iYE6F7XjE8UGmw==}
    engines: {node: '>= 20', npm: '>=9.6.4'}

  '@slack/web-api@8.1.1':
    resolution: {integrity: sha512-am/z/LLbEC7gNQp6FpaGT0l4XnWqcXetpwdgZHzS7Nbb96q9R9QwWA3lo0ZXGuAHDkct0MvFnouzuc2Y4XNmow==}
    engines: {node: '>= 20', npm: '>=9.6.4'}

  '@standard-schema/spec@1.1.0':
    resolution: {integrity: sha512-l2aFy5jALhniG5HgqrD6jXLi/rUWrKvqN/qJx6yoJsgKhblVd+iqqU4RCXavm/jPityDo5TCvKMnpjKnOriy0w==}

  '@stardustlc/dsh-docker@0.3.3':
    resolution: {integrity: sha512-AuMuHRNrQaxu+3B2gNQPsgXnaLOt3CymxCdqpMRWfSh4zze4BxrPDeh/sz713QC6H53CFG3FGEcrbFFLNvBtJQ==}
    engines: {node: ^22.19.0 || >=24.0.0}

  '@stardustlc/dsh-dream@0.3.3':
    resolution: {integrity: sha512-w+XcKk/vrlzDvOuzWYjB0jMfe70/Bh64+5sN0aAhQL5nfxueq07VPdxvqB2pHnkyw02hUcfEde0nVxSW3Qk5ng==}
    engines: {node: ^22.19.0 || >=24.0.0}

  '@types/node@26.5.1':
    resolution: {integrity: sha512-CzNm2FezW4VR/LjG6yUdiEgLE/rAQ9Slj5gCu/C2VrdcW7I0ahNZ8DRbHT7zOZ6r3ONgd/bsQIeSaoDGrd1C6g==}

  '@types/retry@0.12.0':
    resolution: {integrity: sha512-wWKOClTTiizcZhXnPY4wikVAwmdYHp8q6DmC+EJUzAMsycb7HB32Kh9RN4+0gExjmPmZSAQjgURXIGATPegAvA==}

  '@types/retry@0.12.5':
    resolution: {integrity: sha512-3xSjTp3v03X/lSQLkczaN9UIEwJMoMCA1+Nb5HfbJEQWogdeQIyVtTvxPXDQjZ5zws8rFQfVfRdz03ARihPJgw==}

  '@zone-eu/mailsplit@5.4.16':
    resolution: {integrity: sha512-zQ9iXvlT3Wi/hazeC1MdI4rQc1UJwJ6IQ6QzSZ5KDxLZZWQSazWLOzImLFluXadKShJ9WJvI1xH+AyVS8b9azg==}

  agent-base@9.0.0:
    resolution: {integrity: sha512-TQf59BsZnytt8GdJKLPfUZ54g/iaUL2OWDSFCCvMOhsHduDQxO8xC4PNeyIkVcA5KwL2phPSv0douC0fgWzmnA==}
    engines: {node: '>= 20'}

  anynum@1.0.1:
    resolution: {integrity: sha512-N6//FLET/tXYNM/F6ABca1oH6fWB+KlTt909Le28WMDBk8oaT4vY17DCrwg2MvmuqUKt3Ni4N5dGJ/EoBgcO6A==}

  argparse@2.0.1:
    resolution: {integrity: sha512-8+9WqebbFzpX9OR+Wa6O29asIogeRMzcGtAINdpMHHyAg10f05aSFVBbcEqGf/PXw1EjAZ+q2/bEBg3DvurK3Q==}

  atomic-sleep@1.0.0:
    resolution: {integrity: sha512-kNOjDqAh7px0XWNI+4QbzoiR/nTkHAWNud2uvnJquD1/x5a7EQZMJT0AczqK0Qn67oY/TTQ1LbUKajZpp3I9tQ==}
    engines: {node: '>=8.0.0'}

  aws-ssl-profiles@1.1.2:
    resolution: {integrity: sha512-NZKeq9AfyQvEeNlN0zSYAaWrmBffJh3IELMZfRpJVWgrpEbtEpnjvzqBPf+mxoI287JohRDoa+/nsfqqiZmF6g==}
    engines: {node: '>= 6.0.0'}

  cosmokit@1.8.1:
    resolution: {integrity: sha512-PDBv4l90xZKrUsZ0vtoycgZpO/j4iFsqJXrAxsyBDsnQRI7ZMJXIjgDJsKNjd5L8jnVnnlrDCdhkFbTncgCVjQ==}

  debug@4.4.3:
    resolution: {integrity: sha512-RGwwWnwQvkVfavKVt22FGLw+xYSdzARwm0ru6DhTVA3umU5hZc28V3kO4stgYryrTlLpuvgI9GiijltAjNbcqA==}
    engines: {node: '>=6.0'}
    peerDependencies:
      supports-color: '*'
    peerDependenciesMeta:
      supports-color:
        optional: true

  deepmerge-ts@8.0.2:
    resolution: {integrity: sha512-uqbvqLUMrc6p0MO+WBRtTxY55hmyh94WRwI5a++PZe54X+bfVh59FSN7uWCBCW1CCVjzjnrwzfI8zidE2obMMw==}
    engines: {node: '>=16.9.0'}

  dom-serializer@2.0.0:
    resolution: {integrity: sha512-wIkAryiqt/nV5EQKqQpo3SToSOV9J0DnbJqwK7Wv/Trc92zIAYZ4FlMu+JPFW1DfGFt81ZTCGgDEabffXeLyJg==}

  domelementtype@2.3.0:
    resolution: {integrity: sha512-OLETBj6w0OsagBwdXnPdN0cnMfF9opN69co+7ZrbfPGrdpPVNBUj02spi6B1N7wChLQiPn4CSH/zJvXw56gmHw==}

  domhandler@5.0.3:
    resolution: {integrity: sha512-cgwlv/1iFQiFnU96XXgROh8xTeetsnJiDsTc7TYCLFd9+/WNkIqPTxiM/8pSd8VIrhXGTf1Ny1q1hquVqDJB5w==}
    engines: {node: '>= 4'}

  domutils@3.2.2:
    resolution: {integrity: sha512-6kZKyUajlDuqlHKVX1w7gyslj9MPIXzIFiz/rGu35uC1wMi+kMhQwGhl4lt9unC9Vb9INnY9Z3/ZA3+FhASLaw==}

  dsh-calendar@0.7.0:
    resolution: {integrity: sha512-MzcgMznehofTfJATNBO9g1cvLIJyhvYnyEeUzM0IYYm4wYOfxnxXMHgOLr88majDmBG4tLNViSI3SB0Q0C4FSA==}
    engines: {node: ^22.19.0 || >=24.0.0}

  dsh-cite@0.3.3:
    resolution: {integrity: sha512-Ao+a50+vkR87+xKhLnlvaRhtQuL1uiTJiwC3Esy/fKEyWSR5rTHaVlx72y4H6gAeptUVTy0T4OuraXCJFjWFnw==}
    engines: {node: ^22.19.0 || >=24.0.0}

  dsh-code-security@0.3.3:
    resolution: {integrity: sha512-odVZDXyghkCufVPX8WXaCh41NusAIKUX9AIY7/bxS4dxuFuwVHvyieb2JubVWbaxvCu75p0hYuYH3uAb7vjUCg==}
    engines: {node: ^22.19.0 || >=24.0.0}

  dsh-codex-port@0.2.2:
    resolution: {integrity: sha512-6xS1ZLjg2AAB0WvgUQCHKVJDRqICDVzEQcYf4eT3mgt27s5bVs7tcfr7gx5W8lrcumBet1B4SrZ1yttn4PU1ZQ==}
    engines: {node: ^22.19.0 || >=24.0.0}

  dsh-dingtalk@0.2.1:
    resolution: {integrity: sha512-mcfSrrHpHRXCHd4HMqiKE2F8or4zGDN37Spk+30033O+MzsER+hQjxsExbAv0ARo+3IuCZBEbRyym2gV4qepfg==}
    engines: {node: ^22.19.0 || >=24.0.0}

  dsh-email@0.13.1:
    resolution: {integrity: sha512-+agK+ZlivI4C96f908HhAqpalugoMHNgfH1gwRjKC7vOAdXhT0XYAzcR/ug5+WiwxZo0FDHXk9A/1mFUyWWSaQ==}
    engines: {node: ^22.19.0 || >=24.0.0}

  dsh-ffmpeg@0.4.3:
    resolution: {integrity: sha512-G/1zEp0L0dYtIFkY40bol2azaxgE/qHQGrCACWoVS2EcHjcj0fIaVYccu9tqPzfuRO+bllhKhb4MgckfcYcKKA==}
    engines: {node: ^22.19.0 || >=24.0.0}

  dsh-flakefinder@0.3.3:
    resolution: {integrity: sha512-v4td4pVC5v2PFnRSttutAw+hU/M+iencJnY6kKTiPDwuoZZyY/cBg2xY4NGCuGJOED0Nt8oUQjCFfFB43Fx5Gw==}
    engines: {node: ^22.19.0 || >=24.0.0}

  dsh-hyperframes@0.3.2:
    resolution: {integrity: sha512-pAmWrhPyFiGl9w29eVp3AP/yQ6NgAh6UOEvkMXm6kGevPl/k7jSeRIYrY8k9VPcg98iGDjIfrYPvy9q56V5j+w==}
    engines: {node: ^22.19.0 || >=24.0.0}

  dsh-minimal-ptc@0.4.7:
    resolution: {integrity: sha512-QqCye0WiuaNx5M4WNBjpkremNTc71nIFWI6/jf3N9THrNZtzFznow1auSGd4iWZkUUihmBBH5UWGZ20vEhIKfg==}
    engines: {node: ^22.19.0 || >=24.0.0}

  dsh-ppt@0.4.3:
    resolution: {integrity: sha512-DP8BM3b522TVH0yHhxvk5fy77dJVZi77OsS49ay8iblk0VY6zRwzAqQXAEIAnlXgUxuh8hd+fC40hxN1ltRvRg==}
    engines: {node: ^22.19.0 || >=24.0.0}

  dsh-remotion@0.3.2:
    resolution: {integrity: sha512-MWn5B0ux+npeCLjNNxCr2vGQss4J7OOwFdFkqyVSKk+L2lJgBFnQYEMcaBAkEKpA6JHsmaNeVpxriNvC31ipnw==}
    engines: {node: ^22.19.0 || >=24.0.0}

  dsh-rss@0.3.2:
    resolution: {integrity: sha512-QifxR35WARMc8GKwElk9Ih9FE5/IQ9bY2wcbgIzkhSiaYyTx8EcjVZSRdrLKZdu6D3DUiekGcDpqPXdpi/zR/g==}
    engines: {node: ^22.19.0 || >=24.0.0}

  dsh-slack@0.3.1:
    resolution: {integrity: sha512-n6oIl6GjukdQqTCTNwo+uVujgXPhQnF42OB3v3Mc04zseaMQF3Q9to6xUHJ1hs8rMiEHTJPPn2/KQTxXTU1k5A==}
    engines: {node: ^22.19.0 || >=24.0.0}

  dsh-sql@0.4.3:
    resolution: {integrity: sha512-kWZ2kVDQJkRnX9rElGEjViXbG+ABQTIvdb8ThnEkTgP7X1j17ZiiRPa+hRGtVzmCj7QyEn5sbYzSqQwiD//cTw==}
    engines: {node: ^22.19.0 || >=24.0.0}

  dsh-voice@0.3.4:
    resolution: {integrity: sha512-uMBdFWTK3MU5ZKlUpuBj0twbN28uuhHBeb/KjuNB4vakKb+Jd+S8FWocPfBaB2pEDVaIljb8B/91H31fllv+nw==}
    engines: {node: ^22.19.0 || >=24.0.0}

  encoding-japanese@2.3.0:
    resolution: {integrity: sha512-eQyh1vzHz13DUkZcJO+0IOAoKXRQwKV5IBffeuYsWZyRLGiSzfzXObCqWvqFXdX0UU8qOk+lBXbkUhMCpdJe4Q==}
    engines: {node: '>=18.0.0'}

  entities@4.5.0:
    resolution: {integrity: sha512-V0hjH4dGPh9Ao5p0MoRY6BVqtwCjhz6vI5LT8AJ55H+4g9/4vbHx1I54fS0XuclLhDHArPQCiMjDxjaL8fPxhw==}
    engines: {node: '>=0.12'}

  entities@7.0.1:
    resolution: {integrity: sha512-TWrgLOFUQTH994YUyl1yT4uyavY5nNB5muff+RtWaqNVCAK408b5ZnnbNAUEWLTCpum9w6arT70i1XdQ4UeOPA==}
    engines: {node: '>=0.12'}

  eventemitter3@4.0.7:
    resolution: {integrity: sha512-8guHBZCwKnFhYdHr2ysuRWErTwhoN2X8XELRlrRwpmfeY2jjuUN4taQMsULKUVo1K4DvZl+0pgfyoysHxvmvEw==}

  eventemitter3@5.0.4:
    resolution: {integrity: sha512-mlsTRyGaPBjPedk6Bvw+aqbsXDtoAyAzm5MO7JgU+yVRyMQ5O8bD4Kcci7BS85f93veegeCPkL8R4GLClnjLFw==}

  fast-xml-builder@1.3.1:
    resolution: {integrity: sha512-pIM/1n3ntFXKYrUZwW7QCK0gAW7XY+wzj1YMIV3tLDvPj/V+zTGJK5e3/4WJfwj0qWw2ElNXiTixda/R+3YSug==}

  fast-xml-parser@5.11.1:
    resolution: {integrity: sha512-TBw6K/fxoQGGjCmZDw9w/ZwP3uDcnTM4YH/g+PFRWr8sbe5idXtxNN6vITh4+1ruCZaho6uBFurElsA7F0zzgw==}
    hasBin: true

  generate-function@2.3.1:
    resolution: {integrity: sha512-eeB5GfMNeevm/GRYq20ShmsaGcmI81kIX2K9XQx5miC8KdHaC6Jm0qQ8ZNeGOi7wYB8OsdxKs+Y2oVuTFuVwKQ==}

  he@1.2.0:
    resolution: {integrity: sha512-F/1DnUGPopORZi0ni+CvrCgHQ5FyEAHRLSApuYWMmrbSwoN2Mn/7k+Gl38gJnR7yyDZk6WLXwiGod1JOWNDKGw==}
    hasBin: true

  html-to-text@10.0.1:
    resolution: {integrity: sha512-GiVhRI1BatGARSCmlXWNCjDT0cWrwBWoeduLoV0WSKAgaV/wa+hUWy5LiQLUs4UwiUrE52ZCMfBGiKD87TDPrg==}
    engines: {node: '>=20.19.0'}

  htmlparser2@10.1.0:
    resolution: {integrity: sha512-VTZkM9GWRAtEpveh7MSF6SjjrpNVNNVJfFup7xTY3UpFtm67foy9HDVXneLtFVt4pMz5kZtgNcvCniNFb1hlEQ==}

  https-proxy-agent@9.1.0:
    resolution: {integrity: sha512-ag87y7cJJ9/3+GxFr8Oy4O5faDsGRGnBGsJj/YjOSsSx/5eadKLYTMPlzuR6obgoCDDm0abAAZitXXQkMOPSpA==}
    engines: {node: '>= 20'}

  ical.js@2.2.1:
    resolution: {integrity: sha512-yK/UlPbEs316igb/tjRgbFA8ZV75rCsBJp/hWOatpyaPNlgw0dGDmU+FoicOcwX4xXkeXOkYiOmCqNPFpNPkQg==}

  iconv-lite@0.7.3:
    resolution: {integrity: sha512-IKXpvIzjnC9XTAUbVBcMfGS0EPaIXtW6v+zr+RRp+hqULEpo0owZax6wyRwPOJbWbzjYspQwusTsfVr0ifh4uQ==}
    engines: {node: '>=0.10.0'}

  imapflow@1.7.8:
    resolution: {integrity: sha512-dJoCIdZOJh26Rn2PdwEzwj0bRDgGBxxX38pio534FagIHVuR2l0SAfLr6sJo32YfuJHiSs/U2ntNDHnMg3/Hlg==}

  ip-address@10.7.0:
    resolution: {integrity: sha512-BGFsyJd5mpXp3rK6jIdADLNgpJUK1jnjzvYF8lK+VyDab9JAmqN0YOKDdP17HlgKb2+ehPgDc8EtnRLbGCAMhA==}
    engines: {node: '>= 12'}

  is-property@1.0.2:
    resolution: {integrity: sha512-Ks/IoX00TtClbGQr4TWXemAnktAQvYB7HzcCxDGqEZU6oCmb2INHuOoKxbtR+HFkmYWBKv/dOZtGRiAjDhj92g==}

  is-unsafe@2.0.2:
    resolution: {integrity: sha512-HgbIHPBH0KHHCcjLfGsCvhtPTVxjaAZlXjwdz7/GQC40SjSe4sfQsar8J5VFo8JOSbarkpV0OLG95bbaNd9aAQ==}

  js-yaml@4.3.1:
    resolution: {integrity: sha512-CY6crGq313MX8GkwvB7tzgp99vjQxY1++5y10/BKN/GUfHqWaOGQMNZkBvqSzsZKWk/ijwHlWzzkLulsGHhjWQ==}
    hasBin: true

  leac@0.7.0:
    resolution: {integrity: sha512-qMrZeyEekgdRQ9o6a4NAB2EQZrv827GJdn1vnapwSJ90hWRB4TzUSunvacPkxQ2TnNqHNI1/zSt0hlo0crG8Jw==}

  libbase64@1.3.0:
    resolution: {integrity: sha512-GgOXd0Eo6phYgh0DJtjQ2tO8dc0IVINtZJeARPeiIJqge+HdsWSuaDTe8ztQ7j/cONByDZ3zeB325AHiv5O0dg==}

  libmime@5.4.3:
    resolution: {integrity: sha512-di9BoDabBUMqjeD/wGj+hHpSgdqAph5ui7w6OdY6NpzU6O6VFLQsMOg9tqCjm/zf9OHzAM9EZxSOF7uIb8O8Hw==}

  libqp@2.1.1:
    resolution: {integrity: sha512-0Wd+GPz1O134cP62YU2GTOPNA7Qgl09XwCqM5zpBv87ERCXdfDtyKXvV7c9U22yWJh44QZqBocFnXN11K96qow==}

  linkify-it@5.0.2:
    resolution: {integrity: sha512-ONTm2jCMAVZjgQa/Fy1kScXsuOoF5NPTsoFBdE1KVIZ2vAh/r9+Bqo+0jINCBYnavTPQZz38QzFTme79ENoN3Q==}

  long@5.3.2:
    resolution: {integrity: sha512-mNAgZ1GmyNhD7AuqnTG3/VQ26o760+ZYBPKjPvugO8+nLbYfX6TVpJPseBvopbdY+qpZ/lKUnmEc1LeZYS3QAA==}

  lru.min@1.1.5:
    resolution: {integrity: sha512-5J9ysMYUpYIg9RF2vJpy9SinEmSviFSe0GyPpCQ4L5QSkLAgeLXlTAOu2ZwWUU5m+0SBl6gUU1R1ZQB3aKypfA==}
    engines: {bun: '>=1.0.0', deno: '>=1.30.0', node: '>=8.0.0'}

  mailparser@3.9.26:
    resolution: {integrity: sha512-YUdylKj8RnSoyavscy2Kl3ZTh9l0k4PC/KEpW6M/IwTnicKwR/fMLaVXshlF8MfRg1p4HTsW+TVER6YaIeKnow==}
    engines: {node: '>=20.0.0'}

  ms@2.1.3:
    resolution: {integrity: sha512-6FlzubTLZG3J2a/NVCAleEhjzq5oxgHyaCU9yYXvcLsvoVaHJq/s5xXI6/XXP6tz7R9xAOtHnSO/tXtF3WRTlA==}

  mysql2@3.24.4:
    resolution: {integrity: sha512-A2olluVlj0mvgyIRRISMEzXc51m+21mRtcMVjJyIpt2GG98+XrC9m9HzsqcMsX2LcnfccJvY5NB22g8fENBnOA==}
    engines: {node: '>= 8.0'}
    peerDependencies:
      '@types/node': '>= 8'

  named-placeholders@1.1.6:
    resolution: {integrity: sha512-Tz09sEL2EEuv5fFowm419c1+a/jSMiBjI9gHxVLrVdbUkkNUUfjsVYs9pVZu5oCon/kmRh9TfLEObFtkVxmY0w==}
    engines: {node: '>=8.0.0'}

  nodemailer@10.0.9:
    resolution: {integrity: sha512-BF0qcyplCwp+jMk6HCjFykBz/YhhZSsxrARhOldLwFWH+8kGjQsd2WIMIZhqEuyXRoGFi0ONbDeWDMDoL8MhLw==}
    engines: {node: '>=20.0.0'}

  nodemailer@9.1.1:
    resolution: {integrity: sha512-izw9mVKFix6YSnC9eLgV6g1opl9DUlRio9ZNcq+Wu9Ujn2UwF+8Nl0B8nz22kEC+CTZCvinkxwJ0DeFbb6NwcQ==}
    engines: {node: '>=6.0.0'}

  on-exit-leak-free@2.1.2:
    resolution: {integrity: sha512-0eJJY6hXLGf1udHwfNftBqH+g73EU4B504nZeKpz1sYRKafAghwxEJunB2O7rDZkL4PGfsMVnTXZ2EjibbqcsA==}
    engines: {node: '>=14.0.0'}

  p-finally@1.0.0:
    resolution: {integrity: sha512-LICb2p9CB7FS+0eR1oqWnHhp0FljGLZCWBE9aix0Uye9W8LTQPwMTYVGWQWIw9RdQiDg4+epXQODwIYJtSJaow==}
    engines: {node: '>=4'}

  p-queue@6.6.2:
    resolution: {integrity: sha512-RwFpb72c/BhQLEXIZ5K2e+AhgNVmIejGlTgiB9MzZ0e93GRvqZ7uSi0dvRF7/XIXDeNkra2fNHBxTyPDGySpjQ==}
    engines: {node: '>=8'}

  p-retry@4.6.2:
    resolution: {integrity: sha512-312Id396EbJdvRONlngUx0NydfrIQ5lsYu0znKVUzVvArzEIt08V1qhtyESbGVd1FGX7UKtiFp5uwKZdM8wIuQ==}
    engines: {node: '>=8'}

  p-timeout@3.2.0:
    resolution: {integrity: sha512-rhIwUycgwwKcP9yTOOFK/AKsAopjjCakVqLHePO3CC6Mir1Z99xT+R63jZxAT5lFZLa2inS5h+ZS2GvR99/FBg==}
    engines: {node: '>=8'}

  parseley@0.13.1:
    resolution: {integrity: sha512-uNBJZzmb60l6p6VWLTmevizNAGnE0xoSf1n0B4q3ntegDNzcS68NRCcBDZTcyXHxt2XhBChsCuqj4M+nChvE/A==}

  path-expression-matcher@1.6.2:
    resolution: {integrity: sha512-enSlaiat05iasnzmgNxRj8reFdj3puY2QpNgP1aPIaVfT6nn9ICuPoFlKHk8EN22HcwewshO+mN2DGbkCEOtqQ==}
    engines: {node: '>=14.0.0'}

  peberminta@0.10.0:
    resolution: {integrity: sha512-80B2AsU+I4Qdb0ZAPSfe9UwvGzwkM37IKIFEvdS3D/3Ndgv2bsuJ0bfG1+iEYO+l7Gfd4EUJmuRyq7efLgRMzQ==}

  pg-cloudflare@1.4.0:
    resolution: {integrity: sha512-Vo7z/6rrQYxpNRylp4Tlob2elzbh+N/MOQbxFVWCxS7oEx6jF53GTJFxK2WWpKuBRkmiin4Mt+xofFDjx09R0A==}

  pg-connection-string@2.14.0:
    resolution: {integrity: sha512-XwWDGcLRGCXAR8F/AM5bG7Q+A3Wm2s6QeEjlOKZLlH3UYcguiqCWKyWXVag5TLTIjR7oOJUY8kcADaZgWPyLeg==}

  pg-int8@1.0.1:
    resolution: {integrity: sha512-WCtabS6t3c8SkpDBUlb1kjOs7l66xsGdKpIPZsg4wR+B3+u9UAum2odSsF9tnvxg80h4ZxLWMy4pRjOsFIqQpw==}
    engines: {node: '>=4.0.0'}

  pg-pool@3.14.0:
    resolution: {integrity: sha512-gKtPkFdQPU3DksooVLi9LsjZxrsBUZIpa+7aVx+LV5pNh0KzP4Zleud2po+ConrxbuXGBJ6Hfer6hdgpIBpBaw==}
    peerDependencies:
      pg: '>=8.0'

  pg-protocol@1.16.0:
    resolution: {integrity: sha512-sILXutLVjCLjcDuOmvhX5e2Z4cS5qG/6Bu3VkpFwdf/633ElGLpEh9bgmuI5I4sqKqkifQiGyiCcx1HdtrK7tg==}

  pg-types@2.2.0:
    resolution: {integrity: sha512-qTAAlrEsl8s4OiEQY69wDvcMIdQN6wdz5ojQiOy6YRMuynxenON0O5oCpJI6lshc6scgAY8qvJ2On/p+CXY0GA==}
    engines: {node: '>=4'}

  pg@8.23.0:
    resolution: {integrity: sha512-Ip2EQCngowJLGOfCwkFhPXU7/ljlhn6Rxlmy4XYfL2Y+vyRM59+8uR2xqRWKdYmbXmxCFOAmKxBuSUCdF34qLg==}
    engines: {node: '>= 16.0.0'}
    peerDependencies:
      pg-native: '>=3.0.1'
    peerDependenciesMeta:
      pg-native:
        optional: true

  pgpass@1.0.5:
    resolution: {integrity: sha512-FdW9r/jQZhSeohs1Z3sI1yxFQNFvMcnmfuj4WBMUTxOrAyLMaTcE1aAMBiTlbMNaXvBCQuVi0R7hd8udDSP7ug==}

  pino-abstract-transport@3.0.0:
    resolution: {integrity: sha512-wlfUczU+n7Hy/Ha5j9a/gZNy7We5+cXp8YL+X+PG8S0KXxw7n/JXA3c46Y0zQznIJ83URJiwy7Lh56WLokNuxg==}

  pino-std-serializers@7.1.0:
    resolution: {integrity: sha512-BndPH67/JxGExRgiX1dX0w1FvZck5Wa4aal9198SrRhZjH3GxKQUKIBnYJTdj2HDN3UQAS06HlfcSbQj2OHmaw==}

  pino@10.3.1:
    resolution: {integrity: sha512-r34yH/GlQpKZbU1BvFFqOjhISRo1MNx1tWYsYvmj6KIRHSPMT2+yHOEb1SG6NMvRoHRF0a07kCOox/9yakl1vg==}
    hasBin: true

  postgres-array@2.0.0:
    resolution: {integrity: sha512-VpZrUqU5A69eQyW2c5CA1jtLecCsN2U/bD6VilrFDWq5+5UIEVO7nazS3TEcHf1zuPYO/sqGvUvW62g86RXZuA==}
    engines: {node: '>=4'}

  postgres-bytea@1.0.1:
    resolution: {integrity: sha512-5+5HqXnsZPE65IJZSMkZtURARZelel2oXUEO8rH83VS/hxH5vv1uHquPg5wZs8yMAfdv971IU+kcPUczi7NVBQ==}
    engines: {node: '>=0.10.0'}

  postgres-date@1.0.7:
    resolution: {integrity: sha512-suDmjLVQg78nMK2UZ454hAG+OAW+HQPZ6n++TNDUX+L0+uUlLywnoxJKDou51Zm+zTCjrCl0Nq6J9C5hP9vK/Q==}
    engines: {node: '>=0.10.0'}

  postgres-interval@1.2.0:
    resolution: {integrity: sha512-9ZhXKM/rw350N1ovuWHbGxnGh/SNJ4cnxHiM0rxE4VN41wsg8P8zWn9hv/buK00RP4WvlOyr/RBDiptyxVbkZQ==}
    engines: {node: '>=0.10.0'}

  process-warning@5.1.0:
    resolution: {integrity: sha512-jQSaVHsPgtyw60e1rQ/A+/ArPEj/S8pS/vFnyGa/gYFXrKk/6RuDkoqVDQ5NI5MmS01698ltlAk0NoDBNLujRw==}

  proxy-agent-negotiate@1.1.0:
    resolution: {integrity: sha512-N8IBcM3UgCVzz2L2Lqv8DVntDnnC8/hiV4nEDUPkqq72TPUgYWjQc+bdZlBPZK9LzPAvOY//gAt0S0DApoOXWQ==}
    engines: {node: '>= 20'}
    peerDependencies:
      kerberos: ^2.0.0
    peerDependenciesMeta:
      kerberos:
        optional: true

  punycode.js@2.3.1:
    resolution: {integrity: sha512-uxFIHU0YlHYhDQtV4R9J6a52SLx28BCjT+4ieh7IGbgwVJWO+km431c4yRlREUAsAmt/uMjQUyQHNEPf0M39CA==}
    engines: {node: '>=6'}

  quick-format-unescaped@4.0.4:
    resolution: {integrity: sha512-tYC1Q1hgyRuHgloV/YXs2w15unPVh8qfu/qCTfhTYamaw7fyhumKa2yGpdSo87vY32rIclj+4fWYQXUMs9EHvg==}

  real-require@0.2.0:
    resolution: {integrity: sha512-57frrGM/OCTLqLOAh0mhVA9VBMHd+9U7Zb2THMGdBUoZVOtGbJzjxsYGDJ3A9AYYCP4hn6y1TVbaOfzWtm5GFg==}
    engines: {node: '>= 12.13.0'}

  real-require@1.0.0:
    resolution: {integrity: sha512-P4nbQYQfePJxRSmY+v/KINxVucm4NF3p3s7pJveMTtom52FR4YGltUQLB8idDXwDDWW+eYrWDFbuzUnjoWHF7g==}

  retry@0.13.1:
    resolution: {integrity: sha512-XQBQ3I8W1Cge0Seh+6gjj03LbmRFWuoszgK9ooCpwYIrhhoO80pfq4cUkU5DkknwfOfFteRwlZ56PYOGYyFWdg==}
    engines: {node: '>= 4'}

  safe-stable-stringify@2.5.0:
    resolution: {integrity: sha512-b3rppTKm9T+PsVCBEOUR46GWI7fdOs00VKZ1+9c1EWDaDMvjQc6tUwuFyIprgGgTcWoVHSKrU8H31ZHA2e0RHA==}
    engines: {node: '>=10'}

  safer-buffer@2.1.2:
    resolution: {integrity: sha512-YZo3K82SD7Riyi0E1EQPojLz7kpepnSQI9IyPbHHg1XXXevb5dJI7tpyN2ADxGcQbHG7vcyRHk0cbwqcQriUtg==}

  sax@1.6.1:
    resolution: {integrity: sha512-42tBVwLWnaQvW5zc4HbZrTuWccECCZfBi92FDuwtqxasH+JbPB3/FOKb1m222K42R4WxuxzzMsTswfzgtSu64Q==}
    engines: {node: '>=11.0.0'}

  schemastery@3.18.0:
    resolution: {integrity: sha512-Jw2uxjoyyqc/yeurmChUEc/jbi8GsrdXV/KmqRUDZXJAXAmrJiPsz8vKa17l/VckyzljHZ9oGaul443CQiXxtA==}

  selderee@0.12.0:
    resolution: {integrity: sha512-b1YMh3+DHZp59DLna3qVwQ5iOla/nrI6mLBNW02XxU77M3046Df6VLkoaJyFz20VsGIG5kkp+FK0kg4K4HnUFw==}

  smart-buffer@4.2.0:
    resolution: {integrity: sha512-94hK0Hh8rPqQl2xXc3HsaBoOXKV20MToPkcXvwbISWLEs+64sBq5kFgn2kJDHb1Pry9yrP0dxrCI9RRci7RXKg==}
    engines: {node: '>= 6.0.0', npm: '>= 3.0.0'}

  socks@2.8.9:
    resolution: {integrity: sha512-LJhUYUvItdQ0LkJTmPeaEObWXAqFyfmP85x0tch/ez9cahmhlBBLbIqDFnvBnUJGagb0JbIQrkBs1wJ+yRYpEw==}
    engines: {node: '>= 10.0.0', npm: '>= 3.0.0'}

  sonic-boom@4.2.1:
    resolution: {integrity: sha512-w6AxtubXa2wTXAUsZMMWERrsIRAdrK0Sc+FUytWvYAhBJLyuI4llrMIC1DtlNSdI99EI86KZum2MMq3EAZlF9Q==}

  split2@4.2.0:
    resolution: {integrity: sha512-UcjcJOWknrNkF6PLX83qcHM6KHgVKNkV62Y8a5uYDVv9ydGQVwAHMKqHdJje1VTWpljG0WYpCDhrCdAOYH4TWg==}
    engines: {node: '>= 10.x'}

  sql-escaper@1.5.2:
    resolution: {integrity: sha512-6CKD38c31SENivxOADeMNLdukOnUxUcflKtzVWzace7Riv1v7cAEym5Cx9Q7gYZ3ezIJI7ZpqecQq8cqNeSSFg==}
    engines: {bun: '>=1.0.0', deno: '>=2.0.0', node: '>=12.0.0'}

  strnum@2.4.2:
    resolution: {integrity: sha512-rDG3Ah4TV0k1hWvLSzkZtMmLN9+eS+h3knq4MP6A42Y3Yh5qGNnOUs1jJkoSr8FG5dsL28c7KgkIBzSEykqtuw==}

  thread-stream@4.2.0:
    resolution: {integrity: sha512-e2zZ96wSChazBsbENf/Pcm/4swHt2cEKQ92rhUjkL9GCKiTDJIaTBenjE/m9DXi0QBmTMDkFDdOomUy20A1tDQ==}
    engines: {node: '>=20'}

  tlds@1.261.0:
    resolution: {integrity: sha512-QXqwfEl9ddlGBaRFXIvNKK6OhipSiLXuRuLJX5DErz0o0Q0rYxulWLdFryTkV5PkdZct5iMInwYEGe/eR++1AA==}
    hasBin: true

  tsdav@2.3.3:
    resolution: {integrity: sha512-MCsxZDYNy/ueyGzM5mrxZoYzToCYbCil0HDd7spGEMd/71cwviwJ6Ob/VbGVklzSg8Q1Tg//xAdyxVcVrzuEyQ==}
    engines: {node: '>=18'}

  uc.micro@2.1.0:
    resolution: {integrity: sha512-ARDJmphmdvUk6Glw7y9DQ2bFkKBHwQHLi2lsaH6PPmz/Ka9sFOBsBluozhDltWmnv9u/cF6Rt87znRTPV+yp/A==}

  undici-types@8.9.0:
    resolution: {integrity: sha512-KTDyRTYX8sWmKXAikPHHSyc63CRPETMctyjKFupcC6OBLXT3xsN0e9aF7m+mIXutFWpUXuedtowG7iLOzp0kQg==}

  undici@8.10.2:
    resolution: {integrity: sha512-/y4/bH9YNU5hi9NIrpOuvGXFcxrj3CMrV+/AYpowAYTpHn8gX/XPFjNy766FPoYY0miQhdW977JFWKGNhBdwyQ==}
    engines: {node: '>=22.19.0'}

  ws@8.21.3:
    resolution: {integrity: sha512-201TZ/kPWxoPr/OKWjquZR1SWKXcvxdH+e1xrx89b3YbmzLMFCLfnaG1HFIgWzJOEWZ7MvpK++odZufgYR50Rw==}
    engines: {node: '>=10.0.0'}
    peerDependencies:
      bufferutil: ^4.0.1
      utf-8-validate: '>=5.0.2'
    peerDependenciesMeta:
      bufferutil:
        optional: true
      utf-8-validate:
        optional: true

  xml-js@1.6.11:
    resolution: {integrity: sha512-7rVi2KMfwfWFl+GpPg6m80IVMWXLRjO+PxTq7V2CDhoGak0wzYzFgUY2m4XJ47OGdXd8eLE8EmwfAmdjw7lC1g==}
    hasBin: true

  xml-naming@0.3.0:
    resolution: {integrity: sha512-ghig2TBE/H11aOVgmahA3MhimvkBr6JIYknH/Dhdk10nXwdbIqBJsbfMxpvFPG8bAw77gN29aQWvKpmVoPlvPQ==}
    engines: {node: '>=16.0.0'}

  xtend@4.0.2:
    resolution: {integrity: sha512-LKYU1iAXJXUgAXn9URjiu+MWhyUXHsvfp7mcuYm9dSUKK0/CjtrUwFAxD82/mCWbtLsGjFIad0wIsod4zrTAEQ==}
    engines: {node: '>=0.4'}

  yaml@2.9.1:
    resolution: {integrity: sha512-3NxN8+78OdzbT7C/WjGsyfPAtJaN3FNDsWxv7Y7mcDsT/oOmgW8BpyQQFFBnvZE3j9Y2Sdz1ULFLezL7Eb2yFw==}
    engines: {node: '>= 14.6'}
    hasBin: true

snapshots:

  '@nodable/entities@3.0.0': {}

  '@pinojs/redact@0.4.0': {}

  '@selderee/plugin-htmlparser2@0.12.0(selderee@0.12.0)':
    dependencies:
      domelementtype: 2.3.0
      domhandler: 5.0.3
      selderee: 0.12.0

  '@slack/logger@5.0.0':
    dependencies:
      '@types/node': 26.5.1

  '@slack/socket-mode@3.0.1(undici@8.10.2)':
    dependencies:
      '@slack/logger': 5.0.0
      '@slack/web-api': 8.1.1
      '@types/node': 26.5.1
      eventemitter3: 5.0.4
      undici: 8.10.2

  '@slack/types@3.1.0': {}

  '@slack/web-api@8.1.1':
    dependencies:
      '@slack/logger': 5.0.0
      '@slack/types': 3.1.0
      '@types/node': 26.5.1
      '@types/retry': 0.12.5
      eventemitter3: 5.0.4
      p-queue: 6.6.2
      p-retry: 4.6.2
      retry: 0.13.1

  '@standard-schema/spec@1.1.0': {}

  '@stardustlc/dsh-docker@0.3.3': {}

  '@stardustlc/dsh-dream@0.3.3': {}

  '@types/node@26.5.1':
    dependencies:
      undici-types: 8.9.0

  '@types/retry@0.12.0': {}

  '@types/retry@0.12.5': {}

  '@zone-eu/mailsplit@5.4.16':
    dependencies:
      libbase64: 1.3.0
      libmime: 5.4.3
      libqp: 2.1.1

  agent-base@9.0.0: {}

  anynum@1.0.1: {}

  argparse@2.0.1: {}

  atomic-sleep@1.0.0: {}

  aws-ssl-profiles@1.1.2: {}

  cosmokit@1.8.1: {}

  debug@4.4.3:
    dependencies:
      ms: 2.1.3

  deepmerge-ts@8.0.2: {}

  dom-serializer@2.0.0:
    dependencies:
      domelementtype: 2.3.0
      domhandler: 5.0.3
      entities: 4.5.0

  domelementtype@2.3.0: {}

  domhandler@5.0.3:
    dependencies:
      domelementtype: 2.3.0

  domutils@3.2.2:
    dependencies:
      dom-serializer: 2.0.0
      domelementtype: 2.3.0
      domhandler: 5.0.3

  dsh-calendar@0.7.0:
    dependencies:
      ical.js: 2.2.1
      schemastery: 3.18.0
      tsdav: 2.3.3
      undici: 8.10.2
    transitivePeerDependencies:
      - supports-color

  dsh-cite@0.3.3: {}

  dsh-code-security@0.3.3: {}

  dsh-codex-port@0.2.2:
    dependencies:
      yaml: 2.9.1

  dsh-dingtalk@0.2.1: {}

  dsh-email@0.13.1:
    dependencies:
      imapflow: 1.7.8
      mailparser: 3.9.26
      nodemailer: 9.1.1
      schemastery: 3.18.0
      yaml: 2.9.1

  dsh-ffmpeg@0.4.3: {}

  dsh-flakefinder@0.3.3: {}

  dsh-hyperframes@0.3.2:
    dependencies:
      yaml: 2.9.1

  dsh-minimal-ptc@0.4.7: {}

  dsh-ppt@0.4.3: {}

  dsh-remotion@0.3.2:
    dependencies:
      yaml: 2.9.1

  dsh-rss@0.3.2:
    dependencies:
      fast-xml-parser: 5.11.1
      schemastery: 3.18.0
      undici: 8.10.2
      yaml: 2.9.1

  dsh-slack@0.3.1(undici@8.10.2):
    dependencies:
      '@slack/socket-mode': 3.0.1(undici@8.10.2)
      '@slack/web-api': 8.1.1
    transitivePeerDependencies:
      - undici

  dsh-sql@0.4.3(@types/node@26.5.1):
    dependencies:
      mysql2: 3.24.4(@types/node@26.5.1)
      pg: 8.23.0
    transitivePeerDependencies:
      - '@types/node'
      - pg-native

  dsh-voice@0.3.4:
    dependencies:
      https-proxy-agent: 9.1.0
      undici: 8.10.2
      ws: 8.21.3
    transitivePeerDependencies:
      - bufferutil
      - kerberos
      - supports-color
      - utf-8-validate

  encoding-japanese@2.3.0: {}

  entities@4.5.0: {}

  entities@7.0.1: {}

  eventemitter3@4.0.7: {}

  eventemitter3@5.0.4: {}

  fast-xml-builder@1.3.1:
    dependencies:
      path-expression-matcher: 1.6.2
      xml-naming: 0.3.0

  fast-xml-parser@5.11.1:
    dependencies:
      '@nodable/entities': 3.0.0
      fast-xml-builder: 1.3.1
      is-unsafe: 2.0.2
      path-expression-matcher: 1.6.2
      strnum: 2.4.2
      xml-naming: 0.3.0

  generate-function@2.3.1:
    dependencies:
      is-property: 1.0.2

  he@1.2.0: {}

  html-to-text@10.0.1:
    dependencies:
      '@selderee/plugin-htmlparser2': 0.12.0(selderee@0.12.0)
      deepmerge-ts: 8.0.2
      dom-serializer: 2.0.0
      htmlparser2: 10.1.0
      selderee: 0.12.0

  htmlparser2@10.1.0:
    dependencies:
      domelementtype: 2.3.0
      domhandler: 5.0.3
      domutils: 3.2.2
      entities: 7.0.1

  https-proxy-agent@9.1.0:
    dependencies:
      agent-base: 9.0.0
      debug: 4.4.3
      proxy-agent-negotiate: 1.1.0
    transitivePeerDependencies:
      - kerberos
      - supports-color

  ical.js@2.2.1: {}

  iconv-lite@0.7.3:
    dependencies:
      safer-buffer: 2.1.2

  imapflow@1.7.8:
    dependencies:
      '@zone-eu/mailsplit': 5.4.16
      encoding-japanese: 2.3.0
      iconv-lite: 0.7.3
      libbase64: 1.3.0
      libmime: 5.4.3
      libqp: 2.1.1
      pino: 10.3.1
      socks: 2.8.9

  ip-address@10.7.0: {}

  is-property@1.0.2: {}

  is-unsafe@2.0.2: {}

  js-yaml@4.3.1:
    dependencies:
      argparse: 2.0.1

  leac@0.7.0: {}

  libbase64@1.3.0: {}

  libmime@5.4.3:
    dependencies:
      encoding-japanese: 2.3.0
      iconv-lite: 0.7.3
      libbase64: 1.3.0
      libqp: 2.1.1

  libqp@2.1.1: {}

  linkify-it@5.0.2:
    dependencies:
      uc.micro: 2.1.0

  long@5.3.2: {}

  lru.min@1.1.5: {}

  mailparser@3.9.26:
    dependencies:
      '@zone-eu/mailsplit': 5.4.16
      encoding-japanese: 2.3.0
      he: 1.2.0
      html-to-text: 10.0.1
      iconv-lite: 0.7.3
      libmime: 5.4.3
      linkify-it: 5.0.2
      nodemailer: 10.0.9
      punycode.js: 2.3.1
      tlds: 1.261.0

  ms@2.1.3: {}

  mysql2@3.24.4(@types/node@26.5.1):
    dependencies:
      '@types/node': 26.5.1
      aws-ssl-profiles: 1.1.2
      generate-function: 2.3.1
      iconv-lite: 0.7.3
      long: 5.3.2
      lru.min: 1.1.5
      named-placeholders: 1.1.6
      sql-escaper: 1.5.2

  named-placeholders@1.1.6:
    dependencies:
      lru.min: 1.1.5

  nodemailer@10.0.9: {}

  nodemailer@9.1.1: {}

  on-exit-leak-free@2.1.2: {}

  p-finally@1.0.0: {}

  p-queue@6.6.2:
    dependencies:
      eventemitter3: 4.0.7
      p-timeout: 3.2.0

  p-retry@4.6.2:
    dependencies:
      '@types/retry': 0.12.0
      retry: 0.13.1

  p-timeout@3.2.0:
    dependencies:
      p-finally: 1.0.0

  parseley@0.13.1:
    dependencies:
      leac: 0.7.0
      peberminta: 0.10.0

  path-expression-matcher@1.6.2: {}

  peberminta@0.10.0: {}

  pg-cloudflare@1.4.0:
    optional: true

  pg-connection-string@2.14.0: {}

  pg-int8@1.0.1: {}

  pg-pool@3.14.0(pg@8.23.0):
    dependencies:
      pg: 8.23.0

  pg-protocol@1.16.0: {}

  pg-types@2.2.0:
    dependencies:
      pg-int8: 1.0.1
      postgres-array: 2.0.0
      postgres-bytea: 1.0.1
      postgres-date: 1.0.7
      postgres-interval: 1.2.0

  pg@8.23.0:
    dependencies:
      pg-connection-string: 2.14.0
      pg-pool: 3.14.0(pg@8.23.0)
      pg-protocol: 1.16.0
      pg-types: 2.2.0
      pgpass: 1.0.5
    optionalDependencies:
      pg-cloudflare: 1.4.0

  pgpass@1.0.5:
    dependencies:
      split2: 4.2.0

  pino-abstract-transport@3.0.0:
    dependencies:
      split2: 4.2.0

  pino-std-serializers@7.1.0: {}

  pino@10.3.1:
    dependencies:
      '@pinojs/redact': 0.4.0
      atomic-sleep: 1.0.0
      on-exit-leak-free: 2.1.2
      pino-abstract-transport: 3.0.0
      pino-std-serializers: 7.1.0
      process-warning: 5.1.0
      quick-format-unescaped: 4.0.4
      real-require: 0.2.0
      safe-stable-stringify: 2.5.0
      sonic-boom: 4.2.1
      thread-stream: 4.2.0

  postgres-array@2.0.0: {}

  postgres-bytea@1.0.1: {}

  postgres-date@1.0.7: {}

  postgres-interval@1.2.0:
    dependencies:
      xtend: 4.0.2

  process-warning@5.1.0: {}

  proxy-agent-negotiate@1.1.0: {}

  punycode.js@2.3.1: {}

  quick-format-unescaped@4.0.4: {}

  real-require@0.2.0: {}

  real-require@1.0.0: {}

  retry@0.13.1: {}

  safe-stable-stringify@2.5.0: {}

  safer-buffer@2.1.2: {}

  sax@1.6.1: {}

  schemastery@3.18.0:
    dependencies:
      '@standard-schema/spec': 1.1.0
      cosmokit: 1.8.1

  selderee@0.12.0:
    dependencies:
      parseley: 0.13.1

  smart-buffer@4.2.0: {}

  socks@2.8.9:
    dependencies:
      ip-address: 10.7.0
      smart-buffer: 4.2.0

  sonic-boom@4.2.1:
    dependencies:
      atomic-sleep: 1.0.0

  split2@4.2.0: {}

  sql-escaper@1.5.2: {}

  strnum@2.4.2:
    dependencies:
      anynum: 1.0.1

  thread-stream@4.2.0:
    dependencies:
      real-require: 1.0.0

  tlds@1.261.0: {}

  tsdav@2.3.3:
    dependencies:
      debug: 4.4.3
      xml-js: 1.6.11
    transitivePeerDependencies:
      - supports-color

  uc.micro@2.1.0: {}

  undici-types@8.9.0: {}

  undici@8.10.2: {}

  ws@8.21.3: {}

  xml-js@1.6.11:
    dependencies:
      sax: 1.6.1

  xml-naming@0.3.0: {}

  xtend@4.0.2: {}

  yaml@2.9.1: {}
